
Microsoft Visual Studio Solution File, Format Version 12.00
Project("{FAE04EC0-301F-11D3-BF4B-00C04F79EFBC}") = "StrategyPatternDucks", "StrategyPatternDucks\StrategyPatternDucks.csproj", "{701DCBC5-7365-4ACC-8D1C-BBEF399B4F10}"
EndProject
Project("{FAE04EC0-301F-11D3-BF4B-00C04F79EFBC}") = "StrategyPatternPayments", "StrategyPatternPayments\StrategyPatternPayments.csproj", "{CE3CC82E-B7D3-48B1-8D52-F9A0DACAC589}"
EndProject
Project("{FAE04EC0-301F-11D3-BF4B-00C04F79EFBC}") = "AdapterPatternDucksAndDrones", "AdapterPatternDucksAndDrones\AdapterPatternDucksAndDrones.csproj", "{D1C79535-E172-47D3-B254-920CB8C37FB2}"
EndProject
Project("{FAE04EC0-301F-11D3-BF4B-00C04F79EFBC}") = "AdapterPatternPaymentGateway", "AdapterPatternPaymentGateway\AdapterPatternPaymentGateway.csproj", "{416EB57C-AF6A-4932-A258-7BB823943BA4}"
EndProject
Global
	GlobalSection(SolutionConfigurationPlatforms) = preSolution
		Debug|Any CPU = Debug|Any CPU
		Release|Any CPU = Release|Any CPU
	EndGlobalSection
	GlobalSection(ProjectConfigurationPlatforms) = postSolution
		{701DCBC5-7365-4ACC-8D1C-BBEF399B4F10}.Debug|Any CPU.ActiveCfg = Debug|Any CPU
		{701DCBC5-7365-4ACC-8D1C-BBEF399B4F10}.Debug|Any CPU.Build.0 = Debug|Any CPU
		{701DCBC5-7365-4ACC-8D1C-BBEF399B4F10}.Release|Any CPU.ActiveCfg = Release|Any CPU
		{701DCBC5-7365-4ACC-8D1C-BBEF399B4F10}.Release|Any CPU.Build.0 = Release|Any CPU
		{CE3CC82E-B7D3-48B1-8D52-F9A0DACAC589}.Debug|Any CPU.ActiveCfg = Debug|Any CPU
		{CE3CC82E-B7D3-48B1-8D52-F9A0DACAC589}.Debug|Any CPU.Build.0 = Debug|Any CPU
		{CE3CC82E-B7D3-48B1-8D52-F9A0DACAC589}.Release|Any CPU.ActiveCfg = Release|Any CPU
		{CE3CC82E-B7D3-48B1-8D52-F9A0DACAC589}.Release|Any CPU.Build.0 = Release|Any CPU
		{D1C79535-E172-47D3-B254-920CB8C37FB2}.Debug|Any CPU.ActiveCfg = Debug|Any CPU
		{D1C79535-E172-47D3-B254-920CB8C37FB2}.Debug|Any CPU.Build.0 = Debug|Any CPU
		{D1C79535-E172-47D3-B254-920CB8C37FB2}.Release|Any CPU.ActiveCfg = Release|Any CPU
		{D1C79535-E172-47D3-B254-920CB8C37FB2}.Release|Any CPU.Build.0 = Release|Any CPU
		{416EB57C-AF6A-4932-A258-7BB823943BA4}.Debug|Any CPU.ActiveCfg = Debug|Any CPU
		{416EB57C-AF6A-4932-A258-7BB823943BA4}.Debug|Any CPU.Build.0 = Debug|Any CPU
		{416EB57C-AF6A-4932-A258-7BB823943BA4}.Release|Any CPU.ActiveCfg = Release|Any CPU
		{416EB57C-AF6A-4932-A258-7BB823943BA4}.Release|Any CPU.Build.0 = Release|Any CPU
	EndGlobalSection
EndGlobal
